{"version":4,"terraform_version":"1.11.5","serial":1,"lineage":"a7a8b032-4752-9cd3-0d19-712d58a4c4f7","outputs":{"hello_changed":{"value":true,"type":"bool"},"host_id":{"value":"c46c60cd0d2646c49b3304c218bc7d94","type":"string"},"ping_result":{"value":"{\"ansible_facts\": {\"discovered_interpreter_python\": \"/usr/local/python/3.12.1/bin/python3.12\"}, \"changed\": false, \"ping\": \"pong\"}","type":"string"}},"resources":[{"mode":"managed","type":"terrible_command","name":"hello","provider":"provider[\"local/terrible/terrible\"]","instances":[{"schema_version":0,"attributes":{"argv":null,"changed":true,"chdir":null,"cmd":"echo 'hello from terrible'","creates":null,"delta":"0:00:00.013580","end":"2026-03-15 17:54:21.217379","expand_argument_vars":null,"free_form":null,"host_id":"c46c60cd0d2646c49b3304c218bc7d94","id":"c42983e6df074fb1ad2ac96a46ae43b9","msg":false,"rc":0,"removes":null,"result":"{\"ansible_facts\": {\"discovered_interpreter_python\": \"/usr/local/python/3.12.1/bin/python3.12\"}, \"changed\": true, \"cmd\": [\"echo\", \"hello from terrible\"], \"delta\": \"0:00:00.013580\", \"end\": \"2026-03-15 17:54:21.217379\", \"msg\": \"\", \"rc\": 0, \"start\": \"2026-03-15 17:54:21.203799\", \"stderr\": \"\", \"stderr_lines\": [], \"stdout\": \"hello from terrible\", \"stdout_lines\": [\"hello from terrible\"]}","start":"2026-03-15 17:54:21.203799","stderr":"","stderr_lines":"[]","stdin":null,"stdin_add_newline":null,"stdout":"hello from terrible","stdout_lines":"[\"hello from terrible\"]","strip_empty_ends":null,"triggers":null},"sensitive_attributes":[],"dependencies":["terrible_host.web"]}]},{"mode":"managed","type":"terrible_file","name":"workdir","provider":"provider[\"local/terrible/terrible\"]","instances":[{"schema_version":0,"attributes":{"access_time":null,"access_time_format":null,"changed":false,"dest":null,"follow":null,"force":null,"host_id":"c46c60cd0d2646c49b3304c218bc7d94","id":"2d97bd5f1f5640a6a8e07b78724e65ee","modification_time":null,"modification_time_format":null,"path":"/tmp/terrible","recurse":null,"result":"{\"ansible_facts\": {\"discovered_interpreter_python\": \"/usr/local/python/3.12.1/bin/python3.12\"}, \"changed\": false, \"gid\": 1000, \"group\": \"codespace\", \"mode\": \"0756\", \"owner\": \"codespace\", \"path\": \"/tmp/terrible\", \"size\": 4096, \"state\": \"directory\", \"uid\": 1000}","src":null,"state":"directory","triggers":null},"sensitive_attributes":[],"dependencies":["terrible_host.web"]}]},{"mode":"managed","type":"terrible_host","name":"web","provider":"provider[\"local/terrible/terrible\"]","instances":[{"schema_version":0,"attributes":{"connection":"local","host":"localhost","id":"c46c60cd0d2646c49b3304c218bc7d94","port":22,"private_key_path":null,"user":null},"sensitive_attributes":[[{"type":"get_attr","value":"private_key_path"}]]}]},{"mode":"managed","type":"terrible_ping","name":"connectivity","provider":"provider[\"local/terrible/terrible\"]","instances":[{"schema_version":0,"attributes":{"changed":false,"data":null,"host_id":"c46c60cd0d2646c49b3304c218bc7d94","id":"cdcb3f38f32d4d43a6b6cd0a1fda9d68","ping":"pong","result":"{\"ansible_facts\": {\"discovered_interpreter_python\": \"/usr/local/python/3.12.1/bin/python3.12\"}, \"changed\": false, \"ping\": \"pong\"}","triggers":null},"sensitive_attributes":[],"dependencies":["terrible_host.web"]}]}],"check_results":null}
